
Microsoft Visual Studio Solution File, Format Version 12.00
# Visual Studio Version 16
VisualStudioVersion = 16.0.29306.81
MinimumVisualStudioVersion = 10.0.40219.1
Project("{FAE04EC0-301F-11D3-BF4B-00C04F79EFBC}") = "Sudoku-Solver", "Sudoku-Solver.csproj", "{5193ED86-4CBC-4CBA-8B79-31E927BC16F0}"
EndProject
Global
	GlobalSection(SolutionConfigurationPlatforms) = preSolution
		Debug|Any CPU = Debug|Any CPU
		Release|Any CPU = Release|Any CPU
	EndGlobalSection
	GlobalSection(ProjectConfigurationPlatforms) = postSolution
		{5193ED86-4CBC-4CBA-8B79-31E927BC16F0}.Debug|Any CPU.ActiveCfg = Debug|Any CPU
		{5193ED86-4CBC-4CBA-8B79-31E927BC16F0}.Debug|Any CPU.Build.0 = Debug|Any CPU
		{5193ED86-4CBC-4CBA-8B79-31E927BC16F0}.Release|Any CPU.ActiveCfg = Release|Any CPU
		{5193ED86-4CBC-4CBA-8B79-31E927BC16F0}.Release|Any CPU.Build.0 = Release|Any CPU
	EndGlobalSection
	GlobalSection(SolutionProperties) = preSolution
		HideSolutionNode = FALSE
	EndGlobalSection
	GlobalSection(ExtensibilityGlobals) = postSolution
		SolutionGuid = {9073ED30-0BA9-4164-80A2-C6D5E02F4FEB}
	EndGlobalSection
EndGlobal
